{
  "name": "eco-pendulum-backend",
  "version": "1.0.0",
  "lockfileVersion": 3,
  "requires": true,
  "packages": {
    "": {
      "name": "eco-pendulum-backend",
      "version": "1.0.0",
      "license": "ISC",
      "dependencies": {
        "@shopify/shopify-api": "^7.3.0"
      }
    },
    "node_modules/@shopify/network": {
      "version": "3.2.1",
      "resolved": "https://registry.npmjs.org/@shopify/network/-/network-3.2.1.tgz",
      "integrity": "sha512-Ih/6Oe80dynlUsRfEqptWBfsySCqI0rjQvPAjS8HuWeK9nZ+TvmYScfxjucKXZ2deXwAClnU6SMdh3/B1lMMog==",
      "engines": {
        "node": "^14.17.0 || >=16.0.0"
      }
    },
    "node_modules/@shopify/shopify-api": {
      "version": "7.3.0",
      "resolved": "https://registry.npmjs.org/@shopify/shopify-api/-/shopify-api-7.3.0.tgz",
      "integrity": "sha512-dKdoG8mtnLVOBISddWJgt4V0XfkAgDbscqi0s2A6FGXqZN6uQ8qUieNWw/hvXI6LT0c+kYl5GK6ty18DCtslfw==",
      "dependencies": {
        "@shopify/network": "^3.2.1",
        "compare-versions": "^5.0.3",
        "isbot": "^3.6.10",
        "jose": "^4.9.1",
        "node-fetch": "^2.6.1",
        "tslib": "^2.0.3",
        "uuid": "^9.0.0"
      }
    },
    "node_modules/compare-versions": {
      "version": "5.0.3",
      "resolved": "https://registry.npmjs.org/compare-versions/-/compare-versions-5.0.3.tgz",
      "integrity": "sha512-4UZlZP8Z99MGEY+Ovg/uJxJuvoXuN4M6B3hKaiackiHrgzQFEe3diJi1mf1PNHbFujM7FvLrK2bpgIaImbtZ1A=="
    },
    "node_modules/isbot": {
      "version": "3.6.10",
      "resolved": "https://registry.npmjs.org/isbot/-/isbot-3.6.10.tgz",
      "integrity": "sha512-+I+2998oyP4oW9+OTQD8TS1r9P6wv10yejukj+Ksj3+UR5pUhsZN3f8W7ysq0p1qxpOVNbl5mCuv0bCaF8y5iQ==",
      "engines": {
        "node": ">=12"
      }
    },
    "node_modules/jose": {
      "version": "4.14.4",
      "resolved": "https://registry.npmjs.org/jose/-/jose-4.14.4.tgz",
      "integrity": "sha512-j8GhLiKmUAh+dsFXlX1aJCbt5KMibuKb+d7j1JaOJG6s2UjX1PQlW+OKB/sD4a/5ZYF4RcmYmLSndOoU3Lt/3g==",
      "funding": {
        "url": "https://github.com/sponsors/panva"
      }
    },
    "node_modules/node-fetch": {
      "version": "2.6.11",
      "resolved": "https://registry.npmjs.org/node-fetch/-/node-fetch-2.6.11.tgz",
      "integrity": "sha512-4I6pdBY1EthSqDmJkiNk3JIT8cswwR9nfeW/cPdUagJYEQG7R95WRH74wpz7ma8Gh/9dI9FP+OU+0E4FvtA55w==",
      "dependencies": {
        "whatwg-url": "^5.0.0"
      },
      "engines": {
        "node": "4.x || >=6.0.0"
      },
      "peerDependencies": {
        "encoding": "^0.1.0"
      },
      "peerDependenciesMeta": {
        "encoding": {
          "optional": true
        }
      }
    },
    "node_modules/tr46": {
      "version": "0.0.3",
      "resolved": "https://registry.npmjs.org/tr46/-/tr46-0.0.3.tgz",
      "integrity": "sha512-N3WMsuqV66lT30CrXNbEjx4GEwlow3v6rr4mCcv6prnfwhS01rkgyFdjPNBYd9br7LpXV1+Emh01fHnq2Gdgrw=="
    },
    "node_modules/tslib": {
      "version": "2.5.3",
      "resolved": "https://registry.npmjs.org/tslib/-/tslib-2.5.3.tgz",
      "integrity": "sha512-mSxlJJwl3BMEQCUNnxXBU9jP4JBktcEGhURcPR6VQVlnP0FdDEsIaz0C35dXNGLyRfrATNofF0F5p2KPxQgB+w=="
    },
    "node_modules/uuid": {
      "version": "9.0.0",
      "resolved": "https://registry.npmjs.org/uuid/-/uuid-9.0.0.tgz",
      "integrity": "sha512-MXcSTerfPa4uqyzStbRoTgt5XIe3x5+42+q1sDuy3R5MDk66URdLMOZe5aPX/SQd+kuYAh0FdP/pO28IkQyTeg==",
      "bin": {
        "uuid": "dist/bin/uuid"
      }
    },
    "node_modules/webidl-conversions": {
      "version": "3.0.1",
      "resolved": "https://registry.npmjs.org/webidl-conversions/-/webidl-conversions-3.0.1.tgz",
      "integrity": "sha512-2JAn3z8AR6rjK8Sm8orRC0h/bcl/DqL7tRPdGZ4I1CjdF+EaMLmYxBHyXuKL849eucPFhvBoxMsflfOb8kxaeQ=="
    },
    "node_modules/whatwg-url": {
      "version": "5.0.0",
      "resolved": "https://registry.npmjs.org/whatwg-url/-/whatwg-url-5.0.0.tgz",
      "integrity": "sha512-saE57nupxk6v3HY35+jzBwYa0rKSy0XR8JSxZPwgLr7ys0IBzhGviA1/TUGJLmSVqs8pb9AnvICXEuOHLprYTw==",
      "dependencies": {
        "tr46": "~0.0.3",
        "webidl-conversions": "^3.0.0"
      }
    }
  }
}
